
Microsoft Visual Studio Solution File, Format Version 12.00
# Visual Studio Version 17
VisualStudioVersion = 17.14.36408.4
MinimumVisualStudioVersion = 10.0.40219.1
Project("{FAE04EC0-301F-11D3-BF4B-00C04F79EFBC}") = "Framework.CrossCutting", "Framework.CrossCutting\Framework.CrossCutting.csproj", "{643DB328-6338-4BA7-BBBD-B53BA5B0615D}"
EndProject
Project("{FAE04EC0-301F-11D3-BF4B-00C04F79EFBC}") = "Framework.Quartz", "Framework.Quartz\Framework.Quartz.csproj", "{552832BE-8D85-44C8-B88E-BFBAA6DAD7F5}"
EndProject
Project("{FAE04EC0-301F-11D3-BF4B-00C04F79EFBC}") = "Framework.PdfPig", "Framework.PdfPig\Framework.PdfPig.csproj", "{169DBF37-6A40-40BA-975B-B39F390F01C2}"
EndProject
Project("{FAE04EC0-301F-11D3-BF4B-00C04F79EFBC}") = "Framework.Tests", "Framework.Tests\Framework.Tests.csproj", "{620CF473-0FEB-4AB9-B270-579FD35E8219}"
EndProject
Project("{FAE04EC0-301F-11D3-BF4B-00C04F79EFBC}") = "FrameworkGoogleApi", "FrameworkGoogleApi\FrameworkGoogleApi.csproj", "{89E1862D-8ABE-43F5-AE56-606C238DAC44}"
EndProject
Project("{FAE04EC0-301F-11D3-BF4B-00C04F79EFBC}") = "Framework.Twillio", "Framework.Twillio\Framework.Twillio.csproj", "{A1468326-4C4B-4306-B74F-28F98E9CFB40}"
EndProject
Project("{FAE04EC0-301F-11D3-BF4B-00C04F79EFBC}") = "Framework.MicroservicesManagerApi", "Framework.MicroservicesManagerApi\Framework.MicroservicesManagerApi.csproj", "{12A96DF6-7F7D-4C3B-B4AA-311B77854C0C}"
EndProject
Project("{E53339B2-1760-4266-BCC7-CA923CBCF16C}") = "docker-compose", "docker-compose.dcproj", "{81DDED9D-158B-E303-5F62-77A2896D2A5A}"
EndProject
Global
	GlobalSection(SolutionConfigurationPlatforms) = preSolution
		Debug|Any CPU = Debug|Any CPU
		Release|Any CPU = Release|Any CPU
	EndGlobalSection
	GlobalSection(ProjectConfigurationPlatforms) = postSolution
		{643DB328-6338-4BA7-BBBD-B53BA5B0615D}.Debug|Any CPU.ActiveCfg = Debug|Any CPU
		{643DB328-6338-4BA7-BBBD-B53BA5B0615D}.Debug|Any CPU.Build.0 = Debug|Any CPU
		{643DB328-6338-4BA7-BBBD-B53BA5B0615D}.Release|Any CPU.ActiveCfg = Release|Any CPU
		{643DB328-6338-4BA7-BBBD-B53BA5B0615D}.Release|Any CPU.Build.0 = Release|Any CPU
		{552832BE-8D85-44C8-B88E-BFBAA6DAD7F5}.Debug|Any CPU.ActiveCfg = Debug|Any CPU
		{552832BE-8D85-44C8-B88E-BFBAA6DAD7F5}.Debug|Any CPU.Build.0 = Debug|Any CPU
		{552832BE-8D85-44C8-B88E-BFBAA6DAD7F5}.Release|Any CPU.ActiveCfg = Release|Any CPU
		{552832BE-8D85-44C8-B88E-BFBAA6DAD7F5}.Release|Any CPU.Build.0 = Release|Any CPU
		{169DBF37-6A40-40BA-975B-B39F390F01C2}.Debug|Any CPU.ActiveCfg = Debug|Any CPU
		{169DBF37-6A40-40BA-975B-B39F390F01C2}.Debug|Any CPU.Build.0 = Debug|Any CPU
		{169DBF37-6A40-40BA-975B-B39F390F01C2}.Release|Any CPU.ActiveCfg = Release|Any CPU
		{169DBF37-6A40-40BA-975B-B39F390F01C2}.Release|Any CPU.Build.0 = Release|Any CPU
		{620CF473-0FEB-4AB9-B270-579FD35E8219}.Debug|Any CPU.ActiveCfg = Debug|Any CPU
		{620CF473-0FEB-4AB9-B270-579FD35E8219}.Debug|Any CPU.Build.0 = Debug|Any CPU
		{620CF473-0FEB-4AB9-B270-579FD35E8219}.Release|Any CPU.ActiveCfg = Release|Any CPU
		{620CF473-0FEB-4AB9-B270-579FD35E8219}.Release|Any CPU.Build.0 = Release|Any CPU
		{89E1862D-8ABE-43F5-AE56-606C238DAC44}.Debug|Any CPU.ActiveCfg = Debug|Any CPU
		{89E1862D-8ABE-43F5-AE56-606C238DAC44}.Debug|Any CPU.Build.0 = Debug|Any CPU
		{89E1862D-8ABE-43F5-AE56-606C238DAC44}.Release|Any CPU.ActiveCfg = Release|Any CPU
		{89E1862D-8ABE-43F5-AE56-606C238DAC44}.Release|Any CPU.Build.0 = Release|Any CPU
		{A1468326-4C4B-4306-B74F-28F98E9CFB40}.Debug|Any CPU.ActiveCfg = Debug|Any CPU
		{A1468326-4C4B-4306-B74F-28F98E9CFB40}.Debug|Any CPU.Build.0 = Debug|Any CPU
		{A1468326-4C4B-4306-B74F-28F98E9CFB40}.Release|Any CPU.ActiveCfg = Release|Any CPU
		{A1468326-4C4B-4306-B74F-28F98E9CFB40}.Release|Any CPU.Build.0 = Release|Any CPU
		{12A96DF6-7F7D-4C3B-B4AA-311B77854C0C}.Debug|Any CPU.ActiveCfg = Debug|Any CPU
		{12A96DF6-7F7D-4C3B-B4AA-311B77854C0C}.Debug|Any CPU.Build.0 = Debug|Any CPU
		{12A96DF6-7F7D-4C3B-B4AA-311B77854C0C}.Release|Any CPU.ActiveCfg = Release|Any CPU
		{12A96DF6-7F7D-4C3B-B4AA-311B77854C0C}.Release|Any CPU.Build.0 = Release|Any CPU
		{81DDED9D-158B-E303-5F62-77A2896D2A5A}.Debug|Any CPU.ActiveCfg = Debug|Any CPU
		{81DDED9D-158B-E303-5F62-77A2896D2A5A}.Debug|Any CPU.Build.0 = Debug|Any CPU
		{81DDED9D-158B-E303-5F62-77A2896D2A5A}.Release|Any CPU.ActiveCfg = Release|Any CPU
		{81DDED9D-158B-E303-5F62-77A2896D2A5A}.Release|Any CPU.Build.0 = Release|Any CPU
	EndGlobalSection
	GlobalSection(SolutionProperties) = preSolution
		HideSolutionNode = FALSE
	EndGlobalSection
	GlobalSection(ExtensibilityGlobals) = postSolution
		SolutionGuid = {E42E84A1-EC72-462C-BBD5-1E6592CD5DB2}
	EndGlobalSection
EndGlobal
