
Microsoft Visual Studio Solution File, Format Version 12.00
# Visual Studio Version 17
VisualStudioVersion = 17.14.36408.4 d17.14
MinimumVisualStudioVersion = 10.0.40219.1
Project("{FAE04EC0-301F-11D3-BF4B-00C04F79EFBC}") = "Framework.CrossCutting", "Framework.CrossCutting\Framework.CrossCutting.csproj", "{643DB328-6338-4BA7-BBBD-B53BA5B0615D}"
EndProject
Global
	GlobalSection(SolutionConfigurationPlatforms) = preSolution
		Debug|Any CPU = Debug|Any CPU
		Release|Any CPU = Release|Any CPU
	EndGlobalSection
	GlobalSection(ProjectConfigurationPlatforms) = postSolution
		{643DB328-6338-4BA7-BBBD-B53BA5B0615D}.Debug|Any CPU.ActiveCfg = Debug|Any CPU
		{643DB328-6338-4BA7-BBBD-B53BA5B0615D}.Debug|Any CPU.Build.0 = Debug|Any CPU
		{643DB328-6338-4BA7-BBBD-B53BA5B0615D}.Release|Any CPU.ActiveCfg = Release|Any CPU
		{643DB328-6338-4BA7-BBBD-B53BA5B0615D}.Release|Any CPU.Build.0 = Release|Any CPU
	EndGlobalSection
	GlobalSection(SolutionProperties) = preSolution
		HideSolutionNode = FALSE
	EndGlobalSection
	GlobalSection(ExtensibilityGlobals) = postSolution
		SolutionGuid = {E42E84A1-EC72-462C-BBD5-1E6592CD5DB2}
	EndGlobalSection
EndGlobal
